// !$*UTF8*$!
{
	archiveVersion = 1;
	classes = {
	};
	objectVersion = 55;
	objects = {

/* Begin PBXBuildFile section */
		528E5BB92755394A0072C923 /* ImagePicker.swift in Sources */ = {isa = PBXBuildFile; fileRef = 528E5BB82755394A0072C923 /* ImagePicker.swift */; };
		528E5BBB275539650072C923 /* ZoomableScrollView.swift in Sources */ = {isa = PBXBuildFile; fileRef = 528E5BBA275539650072C923 /* ZoomableScrollView.swift */; };
		52AAEC8E274A22FB00559BF7 /* helloswiftApp.swift in Sources */ = {isa = PBXBuildFile; fileRef = 52AAEC8D274A22FB00559BF7 /* helloswiftApp.swift */; };
		52AAEC90274A22FB00559BF7 /* ContentView.swift in Sources */ = {isa = PBXBuildFile; fileRef = 52AAEC8F274A22FB00559BF7 /* ContentView.swift */; };
		52AAEC92274A22FD00559BF7 /* Assets.xcassets in Resources */ = {isa = PBXBuildFile; fileRef = 52AAEC91274A22FD00559BF7 /* Assets.xcassets */; };
		52AAEC95274A22FD00559BF7 /* Preview Assets.xcassets in Resources */ = {isa = PBXBuildFile; fileRef = 52AAEC94274A22FD00559BF7 /* Preview Assets.xcassets */; };
		52AAEC9F274A22FD00559BF7 /* helloswiftTests.swift in Sources */ = {isa = PBXBuildFile; fileRef = 52AAEC9E274A22FD00559BF7 /* helloswiftTests.swift */; };
		52AAECA9274A22FD00559BF7 /* helloswiftUITests.swift in Sources */ = {isa = PBXBuildFile; fileRef = 52AAECA8274A22FD00559BF7 /* helloswiftUITests.swift */; };
		52AAECAB274A22FD00559BF7 /* helloswiftUITestsLaunchTests.swift in Sources */ = {isa = PBXBuildFile; fileRef = 52AAECAA274A22FD00559BF7 /* helloswiftUITestsLaunchTests.swift */; };
/* End PBXBuildFile section */

/* Begin PBXContainerItemProxy section */
		52AAEC9B274A22FD00559BF7 /* PBXContainerItemProxy */ = {
			isa = PBXContainerItemProxy;
			containerPortal = 52AAEC82274A22FB00559BF7 /* Project object */;
			proxyType = 1;
			remoteGlobalIDString = 52AAEC89274A22FB00559BF7;
			remoteInfo = helloswift;
		};
		52AAECA5274A22FD00559BF7 /* PBXContainerItemProxy */ = {
			isa = PBXContainerItemProxy;
			containerPortal = 52AAEC82274A22FB00559BF7 /* Project object */;
			proxyType = 1;
			remoteGlobalIDString = 52AAEC89274A22FB00559BF7;
			remoteInfo = helloswift;
		};
/* End PBXContainerItemProxy section */

/* Begin PBXFileReference section */
		528E5BB82755394A0072C923 /* ImagePicker.swift */ = {isa = PBXFileReference; lastKnownFileType = sourcecode.swift; path = ImagePicker.swift; sourceTree = "<group>"; };
		528E5BBA275539650072C923 /* ZoomableScrollView.swift */ = {isa = PBXFileReference; lastKnownFileType = sourcecode.swift; path = ZoomableScrollView.swift; sourceTree = "<group>"; };
		52AAEC8A274A22FB00559BF7 /* helloswift.app */ = {isa = PBXFileReference; explicitFileType = wrapper.application; includeInIndex = 0; path = helloswift.app; sourceTree = BUILT_PRODUCTS_DIR; };
		52AAEC8D274A22FB00559BF7 /* helloswiftApp.swift */ = {isa = PBXFileReference; lastKnownFileType = sourcecode.swift; path = helloswiftApp.swift; sourceTree = "<group>"; };
		52AAEC8F274A22FB00559BF7 /* ContentView.swift */ = {isa = PBXFileReference; lastKnownFileType = sourcecode.swift; path = ContentView.swift; sourceTree = "<group>"; };
		52AAEC91274A22FD00559BF7 /* Assets.xcassets */ = {isa = PBXFileReference; lastKnownFileType = folder.assetcatalog; path = Assets.xcassets; sourceTree = "<group>"; };
		52AAEC94274A22FD00559BF7 /* Preview Assets.xcassets */ = {isa = PBXFileReference; lastKnownFileType = folder.assetcatalog; path = "Preview Assets.xcassets"; sourceTree = "<group>"; };
		52AAEC9A274A22FD00559BF7 /* helloswiftTests.xctest */ = {isa = PBXFileReference; explicitFileType = wrapper.cfbundle; includeInIndex = 0; path = helloswiftTests.xctest; sourceTree = BUILT_PRODUCTS_DIR; };
		52AAEC9E274A22FD00559BF7 /* helloswiftTests.swift */ = {isa = PBXFileReference; lastKnownFileType = sourcecode.swift; path = helloswiftTests.swift; sourceTree = "<group>"; };
		52AAECA4274A22FD00559BF7 /* helloswiftUITests.xctest */ = {isa = PBXFileReference; explicitFileType = wrapper.cfbundle; includeInIndex = 0; path = helloswiftUITests.xctest; sourceTree = BUILT_PRODUCTS_DIR; };
		52AAECA8274A22FD00559BF7 /* helloswiftUITests.swift */ = {isa = PBXFileReference; lastKnownFileType = sourcecode.swift; path = helloswiftUITests.swift; sourceTree = "<group>"; };
		52AAECAA274A22FD00559BF7 /* helloswiftUITestsLaunchTests.swift */ = {isa = PBXFileReference; lastKnownFileType = sourcecode.swift; path = helloswiftUITestsLaunchTests.swift; sourceTree = "<group>"; };
/* End PBXFileReference section */

/* Begin PBXFrameworksBuildPhase section */
		52AAEC87274A22FB00559BF7 /* Frameworks */ = {
			isa = PBXFrameworksBuildPhase;
			buildActionMask = 2147483647;
			files = (
			);
			runOnlyForDeploymentPostprocessing = 0;
		};
		52AAEC97274A22FD00559BF7 /* Frameworks */ = {
			isa = PBXFrameworksBuildPhase;
			buildActionMask = 2147483647;
			files = (
			);
			runOnlyForDeploymentPostprocessing = 0;
		};
		52AAECA1274A22FD00559BF7 /* Frameworks */ = {
			isa = PBXFrameworksBuildPhase;
			buildActionMask = 2147483647;
			files = (
			);
			runOnlyForDeploymentPostprocessing = 0;
		};
/* End PBXFrameworksBuildPhase section */

/* Begin PBXGroup section */
		528E5BB62755392C0072C923 /* ImagePicker */ = {
			isa = PBXGroup;
			children = (
				528E5BB7275539350072C923 /* Views */,
			);
			path = ImagePicker;
			sourceTree = "<group>";
		};
		528E5BB7275539350072C923 /* Views */ = {
			isa = PBXGroup;
			children = (
				528E5BB82755394A0072C923 /* ImagePicker.swift */,
				528E5BBA275539650072C923 /* ZoomableScrollView.swift */,
			);
			path = Views;
			sourceTree = "<group>";
		};
		52AAEC81274A22FB00559BF7 = {
			isa = PBXGroup;
			children = (
				52AAEC8C274A22FB00559BF7 /* helloswift */,
				52AAEC9D274A22FD00559BF7 /* helloswiftTests */,
				52AAECA7274A22FD00559BF7 /* helloswiftUITests */,
				52AAEC8B274A22FB00559BF7 /* Products */,
			);
			sourceTree = "<group>";
		};
		52AAEC8B274A22FB00559BF7 /* Products */ = {
			isa = PBXGroup;
			children = (
				52AAEC8A274A22FB00559BF7 /* helloswift.app */,
				52AAEC9A274A22FD00559BF7 /* helloswiftTests.xctest */,
				52AAECA4274A22FD00559BF7 /* helloswiftUITests.xctest */,
			);
			name = Products;
			sourceTree = "<group>";
		};
		52AAEC8C274A22FB00559BF7 /* helloswift */ = {
			isa = PBXGroup;
			children = (
				528E5BB62755392C0072C923 /* ImagePicker */,
				52AAEC8D274A22FB00559BF7 /* helloswiftApp.swift */,
				52AAEC8F274A22FB00559BF7 /* ContentView.swift */,
				52AAEC91274A22FD00559BF7 /* Assets.xcassets */,
				52AAEC93274A22FD00559BF7 /* Preview Content */,
			);
			path = helloswift;
			sourceTree = "<group>";
		};
		52AAEC93274A22FD00559BF7 /* Preview Content */ = {
			isa = PBXGroup;
			children = (
				52AAEC94274A22FD00559BF7 /* Preview Assets.xcassets */,
			);
			path = "Preview Content";
			sourceTree = "<group>";
		};
		52AAEC9D274A22FD00559BF7 /* helloswiftTests */ = {
			isa = PBXGroup;
			children = (
				52AAEC9E274A22FD00559BF7 /* helloswiftTests.swift */,
			);
			path = helloswiftTests;
			sourceTree = "<group>";
		};
		52AAECA7274A22FD00559BF7 /* helloswiftUITests */ = {
			isa = PBXGroup;
			children = (
				52AAECA8274A22FD00559BF7 /* helloswiftUITests.swift */,
				52AAECAA274A22FD00559BF7 /* helloswiftUITestsLaunchTests.swift */,
			);
			path = helloswiftUITests;
			sourceTree = "<group>";
		};
/* End PBXGroup section */

/* Begin PBXNativeTarget section */
		52AAEC89274A22FB00559BF7 /* helloswift */ = {
			isa = PBXNativeTarget;
			buildConfigurationList = 52AAECAE274A22FD00559BF7 /* Build configuration list for PBXNativeTarget "helloswift" */;
			buildPhases = (
				52AAEC86274A22FB00559BF7 /* Sources */,
				52AAEC87274A22FB00559BF7 /* Frameworks */,
				52AAEC88274A22FB00559BF7 /* Resources */,
			);
			buildRules = (
			);
			dependencies = (
			);
			name = helloswift;
			productName = helloswift;
			productReference = 52AAEC8A274A22FB00559BF7 /* helloswift.app */;
			productType = "com.apple.product-type.application";
		};
		52AAEC99274A22FD00559BF7 /* helloswiftTests */ = {
			isa = PBXNativeTarget;
			buildConfigurationList = 52AAECB1274A22FD00559BF7 /* Build configuration list for PBXNativeTarget "helloswiftTests" */;
			buildPhases = (
				52AAEC96274A22FD00559BF7 /* Sources */,
				52AAEC97274A22FD00559BF7 /* Frameworks */,
				52AAEC98274A22FD00559BF7 /* Resources */,
			);
			buildRules = (
			);
			dependencies = (
				52AAEC9C274A22FD00559BF7 /* PBXTargetDependency */,
			);
			name = helloswiftTests;
			productName = helloswiftTests;
			productReference = 52AAEC9A274A22FD00559BF7 /* helloswiftTests.xctest */;
			productType = "com.apple.product-type.bundle.unit-test";
		};
		52AAECA3274A22FD00559BF7 /* helloswiftUITests */ = {
			isa = PBXNativeTarget;
			buildConfigurationList = 52AAECB4274A22FD00559BF7 /* Build configuration list for PBXNativeTarget "helloswiftUITests" */;
			buildPhases = (
				52AAECA0274A22FD00559BF7 /* Sources */,
				52AAECA1274A22FD00559BF7 /* Frameworks */,
				52AAECA2274A22FD00559BF7 /* Resources */,
			);
			buildRules = (
			);
			dependencies = (
				52AAECA6274A22FD00559BF7 /* PBXTargetDependency */,
			);
			name = helloswiftUITests;
			productName = helloswiftUITests;
			productReference = 52AAECA4274A22FD00559BF7 /* helloswiftUITests.xctest */;
			productType = "com.apple.product-type.bundle.ui-testing";
		};
/* End PBXNativeTarget section */

/* Begin PBXProject section */
		52AAEC82274A22FB00559BF7 /* Project object */ = {
			isa = PBXProject;
			attributes = {
				BuildIndependentTargetsInParallel = 1;
				LastSwiftUpdateCheck = 1310;
				LastUpgradeCheck = 1310;
				TargetAttributes = {
					52AAEC89274A22FB00559BF7 = {
						CreatedOnToolsVersion = 13.1;
					};
					52AAEC99274A22FD00559BF7 = {
						CreatedOnToolsVersion = 13.1;
						TestTargetID = 52AAEC89274A22FB00559BF7;
					};
					52AAECA3274A22FD00559BF7 = {
						CreatedOnToolsVersion = 13.1;
						TestTargetID = 52AAEC89274A22FB00559BF7;
					};
				};
			};
			buildConfigurationList = 52AAEC85274A22FB00559BF7 /* Build configuration list for PBXProject "helloswift" */;
			compatibilityVersion = "Xcode 13.0";
			developmentRegion = en;
			hasScannedForEncodings = 0;
			knownRegions = (
				en,
				Base,
			);
			mainGroup = 52AAEC81274A22FB00559BF7;
			productRefGroup = 52AAEC8B274A22FB00559BF7 /* Products */;
			projectDirPath = "";
			projectRoot = "";
			targets = (
				52AAEC89274A22FB00559BF7 /* helloswift */,
				52AAEC99274A22FD00559BF7 /* helloswiftTests */,
				52AAECA3274A22FD00559BF7 /* helloswiftUITests */,
			);
		};
/* End PBXProject section */

/* Begin PBXResourcesBuildPhase section */
		52AAEC88274A22FB00559BF7 /* Resources */ = {
			isa = PBXResourcesBuildPhase;
			buildActionMask = 2147483647;
			files = (
				52AAEC95274A22FD00559BF7 /* Preview Assets.xcassets in Resources */,
				52AAEC92274A22FD00559BF7 /* Assets.xcassets in Resources */,
			);
			runOnlyForDeploymentPostprocessing = 0;
		};
		52AAEC98274A22FD00559BF7 /* Resources */ = {
			isa = PBXResourcesBuildPhase;
			buildActionMask = 2147483647;
			files = (
			);
			runOnlyForDeploymentPostprocessing = 0;
		};
		52AAECA2274A22FD00559BF7 /* Resources */ = {
			isa = PBXResourcesBuildPhase;
			buildActionMask = 2147483647;
			files = (
			);
			runOnlyForDeploymentPostprocessing = 0;
		};
/* End PBXResourcesBuildPhase section */

/* Begin PBXSourcesBuildPhase section */
		52AAEC86274A22FB00559BF7 /* Sources */ = {
			isa = PBXSourcesBuildPhase;
			buildActionMask = 2147483647;
			files = (
				528E5BB92755394A0072C923 /* ImagePicker.swift in Sources */,
				52AAEC90274A22FB00559BF7 /* ContentView.swift in Sources */,
				528E5BBB275539650072C923 /* ZoomableScrollView.swift in Sources */,
				52AAEC8E274A22FB00559BF7 /* helloswiftApp.swift in Sources */,
			);
			runOnlyForDeploymentPostprocessing = 0;
		};
		52AAEC96274A22FD00559BF7 /* Sources */ = {
			isa = PBXSourcesBuildPhase;
			buildActionMask = 2147483647;
			files = (
				52AAEC9F274A22FD00559BF7 /* helloswiftTests.swift in Sources */,
			);
			runOnlyForDeploymentPostprocessing = 0;
		};
		52AAECA0274A22FD00559BF7 /* Sources */ = {
			isa = PBXSourcesBuildPhase;
			buildActionMask = 2147483647;
			files = (
				52AAECA9274A22FD00559BF7 /* helloswiftUITests.swift in Sources */,
				52AAECAB274A22FD00559BF7 /* helloswiftUITestsLaunchTests.swift in Sources */,
			);
			runOnlyForDeploymentPostprocessing = 0;
		};
/* End PBXSourcesBuildPhase section */

/* Begin PBXTargetDependency section */
		52AAEC9C274A22FD00559BF7 /* PBXTargetDependency */ = {
			isa = PBXTargetDependency;
			target = 52AAEC89274A22FB00559BF7 /* helloswift */;
			targetProxy = 52AAEC9B274A22FD00559BF7 /* PBXContainerItemProxy */;
		};
		52AAECA6274A22FD00559BF7 /* PBXTargetDependency */ = {
			isa = PBXTargetDependency;
			target = 52AAEC89274A22FB00559BF7 /* helloswift */;
			targetProxy = 52AAECA5274A22FD00559BF7 /* PBXContainerItemProxy */;
		};
/* End PBXTargetDependency section */

/* Begin XCBuildConfiguration section */
		52AAECAC274A22FD00559BF7 /* Debug */ = {
			isa = XCBuildConfiguration;
			buildSettings = {
				ALWAYS_SEARCH_USER_PATHS = NO;
				CLANG_ANALYZER_NONNULL = YES;
				CLANG_ANALYZER_NUMBER_OBJECT_CONVERSION = YES_AGGRESSIVE;
				CLANG_CXX_LANGUAGE_STANDARD = "gnu++17";
				CLANG_CXX_LIBRARY = "libc++";
				CLANG_ENABLE_MODULES = YES;
				CLANG_ENABLE_OBJC_ARC = YES;
				CLANG_ENABLE_OBJC_WEAK = YES;
				CLANG_WARN_BLOCK_CAPTURE_AUTORELEASING = YES;
				CLANG_WARN_BOOL_CONVERSION = YES;
				CLANG_WARN_COMMA = YES;
				CLANG_WARN_CONSTANT_CONVERSION = YES;
				CLANG_WARN_DEPRECATED_OBJC_IMPLEMENTATIONS = YES;
				CLANG_WARN_DIRECT_OBJC_ISA_USAGE = YES_ERROR;
				CLANG_WARN_DOCUMENTATION_COMMENTS = YES;
				CLANG_WARN_EMPTY_BODY = YES;
				CLANG_WARN_ENUM_CONVERSION = YES;
				CLANG_WARN_INFINITE_RECURSION = YES;
				CLANG_WARN_INT_CONVERSION = YES;
				CLANG_WARN_NON_LITERAL_NULL_CONVERSION = YES;
				CLANG_WARN_OBJC_IMPLICIT_RETAIN_SELF = YES;
				CLANG_WARN_OBJC_LITERAL_CONVERSION = YES;
				CLANG_WARN_OBJC_ROOT_CLASS = YES_ERROR;
				CLANG_WARN_QUOTED_INCLUDE_IN_FRAMEWORK_HEADER = YES;
				CLANG_WARN_RANGE_LOOP_ANALYSIS = YES;
				CLANG_WARN_STRICT_PROTOTYPES = YES;
				CLANG_WARN_SUSPICIOUS_MOVE = YES;
				CLANG_WARN_UNGUARDED_AVAILABILITY = YES_AGGRESSIVE;
				CLANG_WARN_UNREACHABLE_CODE = YES;
				CLANG_WARN__DUPLICATE_METHOD_MATCH = YES;
				COPY_PHASE_STRIP = NO;
				DEBUG_INFORMATION_FORMAT = dwarf;
				ENABLE_STRICT_OBJC_MSGSEND = YES;
				ENABLE_TESTABILITY = YES;
				GCC_C_LANGUAGE_STANDARD = gnu11;
				GCC_DYNAMIC_NO_PIC = NO;
				GCC_NO_COMMON_BLOCKS = YES;
				GCC_OPTIMIZATION_LEVEL = 0;
				GCC_PREPROCESSOR_DEFINITIONS = (
					"DEBUG=1",
					"$(inherited)",
				);
				GCC_WARN_64_TO_32_BIT_CONVERSION = YES;
				GCC_WARN_ABOUT_RETURN_TYPE = YES_ERROR;
				GCC_WARN_UNDECLARED_SELECTOR = YES;
				GCC_WARN_UNINITIALIZED_AUTOS = YES_AGGRESSIVE;
				GCC_WARN_UNUSED_FUNCTION = YES;
				GCC_WARN_UNUSED_VARIABLE = YES;
				IPHONEOS_DEPLOYMENT_TARGET = 15.0;
				MTL_ENABLE_DEBUG_INFO = INCLUDE_SOURCE;
				MTL_FAST_MATH = YES;
				ONLY_ACTIVE_ARCH = YES;
				SDKROOT = iphoneos;
				SWIFT_ACTIVE_COMPILATION_CONDITIONS = DEBUG;
				SWIFT_OPTIMIZATION_LEVEL = "-Onone";
			};
			name = Debug;
		};
		52AAECAD274A22FD00559BF7 /* Release */ = {
			isa = XCBuildConfiguration;
			buildSettings = {
				ALWAYS_SEARCH_USER_PATHS = NO;
				CLANG_ANALYZER_NONNULL = YES;
				CLANG_ANALYZER_NUMBER_OBJECT_CONVERSION = YES_AGGRESSIVE;
				CLANG_CXX_LANGUAGE_STANDARD = "gnu++17";
				CLANG_CXX_LIBRARY = "libc++";
				CLANG_ENABLE_MODULES = YES;
				CLANG_ENABLE_OBJC_ARC = YES;
				CLANG_ENABLE_OBJC_WEAK = YES;
				CLANG_WARN_BLOCK_CAPTURE_AUTORELEASING = YES;
				CLANG_WARN_BOOL_CONVERSION = YES;
				CLANG_WARN_COMMA = YES;
				CLANG_WARN_CONSTANT_CONVERSION = YES;
				CLANG_WARN_DEPRECATED_OBJC_IMPLEMENTATIONS = YES;
				CLANG_WARN_DIRECT_OBJC_ISA_USAGE = YES_ERROR;
				CLANG_WARN_DOCUMENTATION_COMMENTS = YES;
				CLANG_WARN_EMPTY_BODY = YES;
				CLANG_WARN_ENUM_CONVERSION = YES;
				CLANG_WARN_INFINITE_RECURSION = YES;
				CLANG_WARN_INT_CONVERSION = YES;
				CLANG_WARN_NON_LITERAL_NULL_CONVERSION = YES;
				CLANG_WARN_OBJC_IMPLICIT_RETAIN_SELF = YES;
				CLANG_WARN_OBJC_LITERAL_CONVERSION = YES;
				CLANG_WARN_OBJC_ROOT_CLASS = YES_ERROR;
				CLANG_WARN_QUOTED_INCLUDE_IN_FRAMEWORK_HEADER = YES;
				CLANG_WARN_RANGE_LOOP_ANALYSIS = YES;
				CLANG_WARN_STRICT_PROTOTYPES = YES;
				CLANG_WARN_SUSPICIOUS_MOVE = YES;
				CLANG_WARN_UNGUARDED_AVAILABILITY = YES_AGGRESSIVE;
				CLANG_WARN_UNREACHABLE_CODE = YES;
				CLANG_WARN__DUPLICATE_METHOD_MATCH = YES;
				COPY_PHASE_STRIP = NO;
				DEBUG_INFORMATION_FORMAT = "dwarf-with-dsym";
				ENABLE_NS_ASSERTIONS = NO;
				ENABLE_STRICT_OBJC_MSGSEND = YES;
				GCC_C_LANGUAGE_STANDARD = gnu11;
				GCC_NO_COMMON_BLOCKS = YES;
				GCC_WARN_64_TO_32_BIT_CONVERSION = YES;
				GCC_WARN_ABOUT_RETURN_TYPE = YES_ERROR;
				GCC_WARN_UNDECLARED_SELECTOR = YES;
				GCC_WARN_UNINITIALIZED_AUTOS = YES_AGGRESSIVE;
				GCC_WARN_UNUSED_FUNCTION = YES;
				GCC_WARN_UNUSED_VARIABLE = YES;
				IPHONEOS_DEPLOYMENT_TARGET = 15.0;
				MTL_ENABLE_DEBUG_INFO = NO;
				MTL_FAST_MATH = YES;
				SDKROOT = iphoneos;
				SWIFT_COMPILATION_MODE = wholemodule;
				SWIFT_OPTIMIZATION_LEVEL = "-O";
				VALIDATE_PRODUCT = YES;
			};
			name = Release;
		};
		52AAECAF274A22FD00559BF7 /* Debug */ = {
			isa = XCBuildConfiguration;
			buildSettings = {
				ASSETCATALOG_COMPILER_APPICON_NAME = AppIcon;
				ASSETCATALOG_COMPILER_GLOBAL_ACCENT_COLOR_NAME = AccentColor;
				CODE_SIGN_STYLE = Automatic;
				CURRENT_PROJECT_VERSION = 1;
				DEVELOPMENT_ASSET_PATHS = "\"helloswift/Preview Content\"";
				DEVELOPMENT_TEAM = 86PC33ZDHF;
				ENABLE_PREVIEWS = YES;
				GENERATE_INFOPLIST_FILE = YES;
				INFOPLIST_KEY_NSLocationAlwaysUsageDescription = "please add permission";
				INFOPLIST_KEY_UIApplicationSceneManifest_Generation = YES;
				INFOPLIST_KEY_UIApplicationSupportsIndirectInputEvents = YES;
				INFOPLIST_KEY_UILaunchScreen_Generation = YES;
				INFOPLIST_KEY_UISupportedInterfaceOrientations_iPad = "UIInterfaceOrientationPortrait UIInterfaceOrientationPortraitUpsideDown UIInterfaceOrientationLandscapeLeft UIInterfaceOrientationLandscapeRight";
				INFOPLIST_KEY_UISupportedInterfaceOrientations_iPhone = "UIInterfaceOrientationPortrait UIInterfaceOrientationLandscapeLeft UIInterfaceOrientationLandscapeRight";
				LD_RUNPATH_SEARCH_PATHS = (
					"$(inherited)",
					"@executable_path/Frameworks",
				);
				MARKETING_VERSION = 1.0;
				PRODUCT_BUNDLE_IDENTIFIER = vn.fighttech.helloswift;
				PRODUCT_NAME = "$(TARGET_NAME)";
				SWIFT_EMIT_LOC_STRINGS = YES;
				SWIFT_VERSION = 5.0;
				TARGETED_DEVICE_FAMILY = "1,2";
			};
			name = Debug;
		};
		52AAECB0274A22FD00559BF7 /* Release */ = {
			isa = XCBuildConfiguration;
			buildSettings = {
				ASSETCATALOG_COMPILER_APPICON_NAME = AppIcon;
				ASSETCATALOG_COMPILER_GLOBAL_ACCENT_COLOR_NAME = AccentColor;
				CODE_SIGN_STYLE = Automatic;
				CURRENT_PROJECT_VERSION = 1;
				DEVELOPMENT_ASSET_PATHS = "\"helloswift/Preview Content\"";
				DEVELOPMENT_TEAM = 86PC33ZDHF;
				ENABLE_PREVIEWS = YES;
				GENERATE_INFOPLIST_FILE = YES;
				INFOPLIST_KEY_NSLocationAlwaysUsageDescription = "please add permission";
				INFOPLIST_KEY_UIApplicationSceneManifest_Generation = YES;
				INFOPLIST_KEY_UIApplicationSupportsIndirectInputEvents = YES;
				INFOPLIST_KEY_UILaunchScreen_Generation = YES;
				INFOPLIST_KEY_UISupportedInterfaceOrientations_iPad = "UIInterfaceOrientationPortrait UIInterfaceOrientationPortraitUpsideDown UIInterfaceOrientationLandscapeLeft UIInterfaceOrientationLandscapeRight";
				INFOPLIST_KEY_UISupportedInterfaceOrientations_iPhone = "UIInterfaceOrientationPortrait UIInterfaceOrientationLandscapeLeft UIInterfaceOrientationLandscapeRight";
				LD_RUNPATH_SEARCH_PATHS = (
					"$(inherited)",
					"@executable_path/Frameworks",
				);
				MARKETING_VERSION = 1.0;
				PRODUCT_BUNDLE_IDENTIFIER = vn.fighttech.helloswift;
				PRODUCT_NAME = "$(TARGET_NAME)";
				SWIFT_EMIT_LOC_STRINGS = YES;
				SWIFT_VERSION = 5.0;
				TARGETED_DEVICE_FAMILY = "1,2";
			};
			name = Release;
		};
		52AAECB2274A22FD00559BF7 /* Debug */ = {
			isa = XCBuildConfiguration;
			buildSettings = {
				ALWAYS_EMBED_SWIFT_STANDARD_LIBRARIES = YES;
				BUNDLE_LOADER = "$(TEST_HOST)";
				CODE_SIGN_STYLE = Automatic;
				CURRENT_PROJECT_VERSION = 1;
				DEVELOPMENT_TEAM = 86PC33ZDHF;
				GENERATE_INFOPLIST_FILE = YES;
				IPHONEOS_DEPLOYMENT_TARGET = 15.0;
				LD_RUNPATH_SEARCH_PATHS = (
					"$(inherited)",
					"@executable_path/Frameworks",
					"@loader_path/Frameworks",
				);
				MARKETING_VERSION = 1.0;
				PRODUCT_BUNDLE_IDENTIFIER = vn.fighttech.helloswiftTests;
				PRODUCT_NAME = "$(TARGET_NAME)";
				SWIFT_EMIT_LOC_STRINGS = NO;
				SWIFT_VERSION = 5.0;
				TARGETED_DEVICE_FAMILY = "1,2";
				TEST_HOST = "$(BUILT_PRODUCTS_DIR)/helloswift.app/helloswift";
			};
			name = Debug;
		};
		52AAECB3274A22FD00559BF7 /* Release */ = {
			isa = XCBuildConfiguration;
			buildSettings = {
				ALWAYS_EMBED_SWIFT_STANDARD_LIBRARIES = YES;
				BUNDLE_LOADER = "$(TEST_HOST)";
				CODE_SIGN_STYLE = Automatic;
				CURRENT_PROJECT_VERSION = 1;
				DEVELOPMENT_TEAM = 86PC33ZDHF;
				GENERATE_INFOPLIST_FILE = YES;
				IPHONEOS_DEPLOYMENT_TARGET = 15.0;
				LD_RUNPATH_SEARCH_PATHS = (
					"$(inherited)",
					"@executable_path/Frameworks",
					"@loader_path/Frameworks",
				);
				MARKETING_VERSION = 1.0;
				PRODUCT_BUNDLE_IDENTIFIER = vn.fighttech.helloswiftTests;
				PRODUCT_NAME = "$(TARGET_NAME)";
				SWIFT_EMIT_LOC_STRINGS = NO;
				SWIFT_VERSION = 5.0;
				TARGETED_DEVICE_FAMILY = "1,2";
				TEST_HOST = "$(BUILT_PRODUCTS_DIR)/helloswift.app/helloswift";
			};
			name = Release;
		};
		52AAECB5274A22FD00559BF7 /* Debug */ = {
			isa = XCBuildConfiguration;
			buildSettings = {
				ALWAYS_EMBED_SWIFT_STANDARD_LIBRARIES = YES;
				CODE_SIGN_STYLE = Automatic;
				CURRENT_PROJECT_VERSION = 1;
				DEVELOPMENT_TEAM = 86PC33ZDHF;
				GENERATE_INFOPLIST_FILE = YES;
				LD_RUNPATH_SEARCH_PATHS = (
					"$(inherited)",
					"@executable_path/Frameworks",
					"@loader_path/Frameworks",
				);
				MARKETING_VERSION = 1.0;
				PRODUCT_BUNDLE_IDENTIFIER = vn.fighttech.helloswiftUITests;
				PRODUCT_NAME = "$(TARGET_NAME)";
				SWIFT_EMIT_LOC_STRINGS = NO;
				SWIFT_VERSION = 5.0;
				TARGETED_DEVICE_FAMILY = "1,2";
				TEST_TARGET_NAME = helloswift;
			};
			name = Debug;
		};
		52AAECB6274A22FD00559BF7 /* Release */ = {
			isa = XCBuildConfiguration;
			buildSettings = {
				ALWAYS_EMBED_SWIFT_STANDARD_LIBRARIES = YES;
				CODE_SIGN_STYLE = Automatic;
				CURRENT_PROJECT_VERSION = 1;
				DEVELOPMENT_TEAM = 86PC33ZDHF;
				GENERATE_INFOPLIST_FILE = YES;
				LD_RUNPATH_SEARCH_PATHS = (
					"$(inherited)",
					"@executable_path/Frameworks",
					"@loader_path/Frameworks",
				);
				MARKETING_VERSION = 1.0;
				PRODUCT_BUNDLE_IDENTIFIER = vn.fighttech.helloswiftUITests;
				PRODUCT_NAME = "$(TARGET_NAME)";
				SWIFT_EMIT_LOC_STRINGS = NO;
				SWIFT_VERSION = 5.0;
				TARGETED_DEVICE_FAMILY = "1,2";
				TEST_TARGET_NAME = helloswift;
			};
			name = Release;
		};
/* End XCBuildConfiguration section */

/* Begin XCConfigurationList section */
		52AAEC85274A22FB00559BF7 /* Build configuration list for PBXProject "helloswift" */ = {
			isa = XCConfigurationList;
			buildConfigurations = (
				52AAECAC274A22FD00559BF7 /* Debug */,
				52AAECAD274A22FD00559BF7 /* Release */,
			);
			defaultConfigurationIsVisible = 0;
			defaultConfigurationName = Release;
		};
		52AAECAE274A22FD00559BF7 /* Build configuration list for PBXNativeTarget "helloswift" */ = {
			isa = XCConfigurationList;
			buildConfigurations = (
				52AAECAF274A22FD00559BF7 /* Debug */,
				52AAECB0274A22FD00559BF7 /* Release */,
			);
			defaultConfigurationIsVisible = 0;
			defaultConfigurationName = Release;
		};
		52AAECB1274A22FD00559BF7 /* Build configuration list for PBXNativeTarget "helloswiftTests" */ = {
			isa = XCConfigurationList;
			buildConfigurations = (
				52AAECB2274A22FD00559BF7 /* Debug */,
				52AAECB3274A22FD00559BF7 /* Release */,
			);
			defaultConfigurationIsVisible = 0;
			defaultConfigurationName = Release;
		};
		52AAECB4274A22FD00559BF7 /* Build configuration list for PBXNativeTarget "helloswiftUITests" */ = {
			isa = XCConfigurationList;
			buildConfigurations = (
				52AAECB5274A22FD00559BF7 /* Debug */,
				52AAECB6274A22FD00559BF7 /* Release */,
			);
			defaultConfigurationIsVisible = 0;
			defaultConfigurationName = Release;
		};
/* End XCConfigurationList section */
	};
	rootObject = 52AAEC82274A22FB00559BF7 /* Project object */;
}
